// !$*UTF8*$!
{
	archiveVersion = 1;
	classes = {
	};
	objectVersion = 50;
	objects = {

/* Begin PBXBuildFile section */
		FC29864126C408EE00733738 /* PanPlusVelocityView.swift in Sources */ = {isa = PBXBuildFile; fileRef = FC29864026C408EE00733738 /* PanPlusVelocityView.swift */; };
		FC29864426C4091300733738 /* LongPressPlusVelocityView.swift in Sources */ = {isa = PBXBuildFile; fileRef = FC29864326C4091300733738 /* LongPressPlusVelocityView.swift */; };
		FC29865026C463B700733738 /* LaunchViewController.swift in Sources */ = {isa = PBXBuildFile; fileRef = FC29864F26C463B700733738 /* LaunchViewController.swift */; };
		FC63021D26BC4E2D005A7F9C /* AppDelegate.swift in Sources */ = {isa = PBXBuildFile; fileRef = FC63021C26BC4E2D005A7F9C /* AppDelegate.swift */; };
		FC63021F26BC4E2D005A7F9C /* SceneDelegate.swift in Sources */ = {isa = PBXBuildFile; fileRef = FC63021E26BC4E2D005A7F9C /* SceneDelegate.swift */; };
		FC63022126BC4E2D005A7F9C /* ViewController.swift in Sources */ = {isa = PBXBuildFile; fileRef = FC63022026BC4E2D005A7F9C /* ViewController.swift */; };
		FC63022426BC4E2D005A7F9C /* Main.storyboard in Resources */ = {isa = PBXBuildFile; fileRef = FC63022226BC4E2D005A7F9C /* Main.storyboard */; };
		FC63022626BC4E2E005A7F9C /* Assets.xcassets in Resources */ = {isa = PBXBuildFile; fileRef = FC63022526BC4E2E005A7F9C /* Assets.xcassets */; };
		FC63022926BC4E2E005A7F9C /* LaunchScreen.storyboard in Resources */ = {isa = PBXBuildFile; fileRef = FC63022726BC4E2E005A7F9C /* LaunchScreen.storyboard */; };
		FC63023326BC4E76005A7F9C /* SpecialDraggableView.swift in Sources */ = {isa = PBXBuildFile; fileRef = FC63023126BC4E76005A7F9C /* SpecialDraggableView.swift */; };
		FC63023426BC4E76005A7F9C /* DonMagViewController.swift in Sources */ = {isa = PBXBuildFile; fileRef = FC63023226BC4E76005A7F9C /* DonMagViewController.swift */; };
		FC63024D26BDAEB6005A7F9C /* VelocityTestViewController.swift in Sources */ = {isa = PBXBuildFile; fileRef = FC63024C26BDAEB6005A7F9C /* VelocityTestViewController.swift */; };
/* End PBXBuildFile section */

/* Begin PBXFileReference section */
		FC29864026C408EE00733738 /* PanPlusVelocityView.swift */ = {isa = PBXFileReference; lastKnownFileType = sourcecode.swift; path = PanPlusVelocityView.swift; sourceTree = "<group>"; };
		FC29864326C4091300733738 /* LongPressPlusVelocityView.swift */ = {isa = PBXFileReference; lastKnownFileType = sourcecode.swift; path = LongPressPlusVelocityView.swift; sourceTree = "<group>"; };
		FC29864F26C463B700733738 /* LaunchViewController.swift */ = {isa = PBXFileReference; lastKnownFileType = sourcecode.swift; path = LaunchViewController.swift; sourceTree = "<group>"; };
		FC63021926BC4E2D005A7F9C /* ScrollViewPanner.app */ = {isa = PBXFileReference; explicitFileType = wrapper.application; includeInIndex = 0; path = ScrollViewPanner.app; sourceTree = BUILT_PRODUCTS_DIR; };
		FC63021C26BC4E2D005A7F9C /* AppDelegate.swift */ = {isa = PBXFileReference; lastKnownFileType = sourcecode.swift; path = AppDelegate.swift; sourceTree = "<group>"; };
		FC63021E26BC4E2D005A7F9C /* SceneDelegate.swift */ = {isa = PBXFileReference; lastKnownFileType = sourcecode.swift; path = SceneDelegate.swift; sourceTree = "<group>"; };
		FC63022026BC4E2D005A7F9C /* ViewController.swift */ = {isa = PBXFileReference; lastKnownFileType = sourcecode.swift; path = ViewController.swift; sourceTree = "<group>"; };
		FC63022326BC4E2D005A7F9C /* Base */ = {isa = PBXFileReference; lastKnownFileType = file.storyboard; name = Base; path = Base.lproj/Main.storyboard; sourceTree = "<group>"; };
		FC63022526BC4E2E005A7F9C /* Assets.xcassets */ = {isa = PBXFileReference; lastKnownFileType = folder.assetcatalog; path = Assets.xcassets; sourceTree = "<group>"; };
		FC63022826BC4E2E005A7F9C /* Base */ = {isa = PBXFileReference; lastKnownFileType = file.storyboard; name = Base; path = Base.lproj/LaunchScreen.storyboard; sourceTree = "<group>"; };
		FC63022A26BC4E2E005A7F9C /* Info.plist */ = {isa = PBXFileReference; lastKnownFileType = text.plist.xml; path = Info.plist; sourceTree = "<group>"; };
		FC63023126BC4E76005A7F9C /* SpecialDraggableView.swift */ = {isa = PBXFileReference; fileEncoding = 4; lastKnownFileType = sourcecode.swift; path = SpecialDraggableView.swift; sourceTree = "<group>"; };
		FC63023226BC4E76005A7F9C /* DonMagViewController.swift */ = {isa = PBXFileReference; fileEncoding = 4; lastKnownFileType = sourcecode.swift; path = DonMagViewController.swift; sourceTree = "<group>"; };
		FC63024C26BDAEB6005A7F9C /* VelocityTestViewController.swift */ = {isa = PBXFileReference; lastKnownFileType = sourcecode.swift; path = VelocityTestViewController.swift; sourceTree = "<group>"; };
/* End PBXFileReference section */

/* Begin PBXFrameworksBuildPhase section */
		FC63021626BC4E2D005A7F9C /* Frameworks */ = {
			isa = PBXFrameworksBuildPhase;
			buildActionMask = 2147483647;
			files = (
			);
			runOnlyForDeploymentPostprocessing = 0;
		};
/* End PBXFrameworksBuildPhase section */

/* Begin PBXGroup section */
		FC63021026BC4E2D005A7F9C = {
			isa = PBXGroup;
			children = (
				FC63021B26BC4E2D005A7F9C /* ScrollViewPanner */,
				FC63021A26BC4E2D005A7F9C /* Products */,
			);
			sourceTree = "<group>";
		};
		FC63021A26BC4E2D005A7F9C /* Products */ = {
			isa = PBXGroup;
			children = (
				FC63021926BC4E2D005A7F9C /* ScrollViewPanner.app */,
			);
			name = Products;
			sourceTree = "<group>";
		};
		FC63021B26BC4E2D005A7F9C /* ScrollViewPanner */ = {
			isa = PBXGroup;
			children = (
				FC63021C26BC4E2D005A7F9C /* AppDelegate.swift */,
				FC63021E26BC4E2D005A7F9C /* SceneDelegate.swift */,
				FC29864F26C463B700733738 /* LaunchViewController.swift */,
				FC63022026BC4E2D005A7F9C /* ViewController.swift */,
				FC63023226BC4E76005A7F9C /* DonMagViewController.swift */,
				FC63024C26BDAEB6005A7F9C /* VelocityTestViewController.swift */,
				FC29864026C408EE00733738 /* PanPlusVelocityView.swift */,
				FC29864326C4091300733738 /* LongPressPlusVelocityView.swift */,
				FC63023126BC4E76005A7F9C /* SpecialDraggableView.swift */,
				FC63022226BC4E2D005A7F9C /* Main.storyboard */,
				FC63022526BC4E2E005A7F9C /* Assets.xcassets */,
				FC63022726BC4E2E005A7F9C /* LaunchScreen.storyboard */,
				FC63022A26BC4E2E005A7F9C /* Info.plist */,
			);
			path = ScrollViewPanner;
			sourceTree = "<group>";
		};
/* End PBXGroup section */

/* Begin PBXNativeTarget section */
		FC63021826BC4E2D005A7F9C /* ScrollViewPanner */ = {
			isa = PBXNativeTarget;
			buildConfigurationList = FC63022D26BC4E2E005A7F9C /* Build configuration list for PBXNativeTarget "ScrollViewPanner" */;
			buildPhases = (
				FC63021526BC4E2D005A7F9C /* Sources */,
				FC63021626BC4E2D005A7F9C /* Frameworks */,
				FC63021726BC4E2D005A7F9C /* Resources */,
			);
			buildRules = (
			);
			dependencies = (
			);
			name = ScrollViewPanner;
			productName = ScrollViewPanner;
			productReference = FC63021926BC4E2D005A7F9C /* ScrollViewPanner.app */;
			productType = "com.apple.product-type.application";
		};
/* End PBXNativeTarget section */

/* Begin PBXProject section */
		FC63021126BC4E2D005A7F9C /* Project object */ = {
			isa = PBXProject;
			attributes = {
				LastSwiftUpdateCheck = 1240;
				LastUpgradeCheck = 1240;
				TargetAttributes = {
					FC63021826BC4E2D005A7F9C = {
						CreatedOnToolsVersion = 12.4;
					};
				};
			};
			buildConfigurationList = FC63021426BC4E2D005A7F9C /* Build configuration list for PBXProject "ScrollViewPanner" */;
			compatibilityVersion = "Xcode 9.3";
			developmentRegion = en;
			hasScannedForEncodings = 0;
			knownRegions = (
				en,
				Base,
			);
			mainGroup = FC63021026BC4E2D005A7F9C;
			productRefGroup = FC63021A26BC4E2D005A7F9C /* Products */;
			projectDirPath = "";
			projectRoot = "";
			targets = (
				FC63021826BC4E2D005A7F9C /* ScrollViewPanner */,
			);
		};
/* End PBXProject section */

/* Begin PBXResourcesBuildPhase section */
		FC63021726BC4E2D005A7F9C /* Resources */ = {
			isa = PBXResourcesBuildPhase;
			buildActionMask = 2147483647;
			files = (
				FC63022926BC4E2E005A7F9C /* LaunchScreen.storyboard in Resources */,
				FC63022626BC4E2E005A7F9C /* Assets.xcassets in Resources */,
				FC63022426BC4E2D005A7F9C /* Main.storyboard in Resources */,
			);
			runOnlyForDeploymentPostprocessing = 0;
		};
/* End PBXResourcesBuildPhase section */

/* Begin PBXSourcesBuildPhase section */
		FC63021526BC4E2D005A7F9C /* Sources */ = {
			isa = PBXSourcesBuildPhase;
			buildActionMask = 2147483647;
			files = (
				FC63022126BC4E2D005A7F9C /* ViewController.swift in Sources */,
				FC63021D26BC4E2D005A7F9C /* AppDelegate.swift in Sources */,
				FC63024D26BDAEB6005A7F9C /* VelocityTestViewController.swift in Sources */,
				FC63023326BC4E76005A7F9C /* SpecialDraggableView.swift in Sources */,
				FC29864426C4091300733738 /* LongPressPlusVelocityView.swift in Sources */,
				FC63021F26BC4E2D005A7F9C /* SceneDelegate.swift in Sources */,
				FC29864126C408EE00733738 /* PanPlusVelocityView.swift in Sources */,
				FC29865026C463B700733738 /* LaunchViewController.swift in Sources */,
				FC63023426BC4E76005A7F9C /* DonMagViewController.swift in Sources */,
			);
			runOnlyForDeploymentPostprocessing = 0;
		};
/* End PBXSourcesBuildPhase section */

/* Begin PBXVariantGroup section */
		FC63022226BC4E2D005A7F9C /* Main.storyboard */ = {
			isa = PBXVariantGroup;
			children = (
				FC63022326BC4E2D005A7F9C /* Base */,
			);
			name = Main.storyboard;
			sourceTree = "<group>";
		};
		FC63022726BC4E2E005A7F9C /* LaunchScreen.storyboard */ = {
			isa = PBXVariantGroup;
			children = (
				FC63022826BC4E2E005A7F9C /* Base */,
			);
			name = LaunchScreen.storyboard;
			sourceTree = "<group>";
		};
/* End PBXVariantGroup section */

/* Begin XCBuildConfiguration section */
		FC63022B26BC4E2E005A7F9C /* Debug */ = {
			isa = XCBuildConfiguration;
			buildSettings = {
				ALWAYS_SEARCH_USER_PATHS = NO;
				CLANG_ANALYZER_NONNULL = YES;
				CLANG_ANALYZER_NUMBER_OBJECT_CONVERSION = YES_AGGRESSIVE;
				CLANG_CXX_LANGUAGE_STANDARD = "gnu++14";
				CLANG_CXX_LIBRARY = "libc++";
				CLANG_ENABLE_MODULES = YES;
				CLANG_ENABLE_OBJC_ARC = YES;
				CLANG_ENABLE_OBJC_WEAK = YES;
				CLANG_WARN_BLOCK_CAPTURE_AUTORELEASING = YES;
				CLANG_WARN_BOOL_CONVERSION = YES;
				CLANG_WARN_COMMA = YES;
				CLANG_WARN_CONSTANT_CONVERSION = YES;
				CLANG_WARN_DEPRECATED_OBJC_IMPLEMENTATIONS = YES;
				CLANG_WARN_DIRECT_OBJC_ISA_USAGE = YES_ERROR;
				CLANG_WARN_DOCUMENTATION_COMMENTS = YES;
				CLANG_WARN_EMPTY_BODY = YES;
				CLANG_WARN_ENUM_CONVERSION = YES;
				CLANG_WARN_INFINITE_RECURSION = YES;
				CLANG_WARN_INT_CONVERSION = YES;
				CLANG_WARN_NON_LITERAL_NULL_CONVERSION = YES;
				CLANG_WARN_OBJC_IMPLICIT_RETAIN_SELF = YES;
				CLANG_WARN_OBJC_LITERAL_CONVERSION = YES;
				CLANG_WARN_OBJC_ROOT_CLASS = YES_ERROR;
				CLANG_WARN_QUOTED_INCLUDE_IN_FRAMEWORK_HEADER = YES;
				CLANG_WARN_RANGE_LOOP_ANALYSIS = YES;
				CLANG_WARN_STRICT_PROTOTYPES = YES;
				CLANG_WARN_SUSPICIOUS_MOVE = YES;
				CLANG_WARN_UNGUARDED_AVAILABILITY = YES_AGGRESSIVE;
				CLANG_WARN_UNREACHABLE_CODE = YES;
				CLANG_WARN__DUPLICATE_METHOD_MATCH = YES;
				COPY_PHASE_STRIP = NO;
				DEBUG_INFORMATION_FORMAT = dwarf;
				ENABLE_STRICT_OBJC_MSGSEND = YES;
				ENABLE_TESTABILITY = YES;
				GCC_C_LANGUAGE_STANDARD = gnu11;
				GCC_DYNAMIC_NO_PIC = NO;
				GCC_NO_COMMON_BLOCKS = YES;
				GCC_OPTIMIZATION_LEVEL = 0;
				GCC_PREPROCESSOR_DEFINITIONS = (
					"DEBUG=1",
					"$(inherited)",
				);
				GCC_WARN_64_TO_32_BIT_CONVERSION = YES;
				GCC_WARN_ABOUT_RETURN_TYPE = YES_ERROR;
				GCC_WARN_UNDECLARED_SELECTOR = YES;
				GCC_WARN_UNINITIALIZED_AUTOS = YES_AGGRESSIVE;
				GCC_WARN_UNUSED_FUNCTION = YES;
				GCC_WARN_UNUSED_VARIABLE = YES;
				IPHONEOS_DEPLOYMENT_TARGET = 13.0;
				MTL_ENABLE_DEBUG_INFO = INCLUDE_SOURCE;
				MTL_FAST_MATH = YES;
				ONLY_ACTIVE_ARCH = YES;
				SDKROOT = iphoneos;
				SWIFT_ACTIVE_COMPILATION_CONDITIONS = DEBUG;
				SWIFT_OPTIMIZATION_LEVEL = "-Onone";
			};
			name = Debug;
		};
		FC63022C26BC4E2E005A7F9C /* Release */ = {
			isa = XCBuildConfiguration;
			buildSettings = {
				ALWAYS_SEARCH_USER_PATHS = NO;
				CLANG_ANALYZER_NONNULL = YES;
				CLANG_ANALYZER_NUMBER_OBJECT_CONVERSION = YES_AGGRESSIVE;
				CLANG_CXX_LANGUAGE_STANDARD = "gnu++14";
				CLANG_CXX_LIBRARY = "libc++";
				CLANG_ENABLE_MODULES = YES;
				CLANG_ENABLE_OBJC_ARC = YES;
				CLANG_ENABLE_OBJC_WEAK = YES;
				CLANG_WARN_BLOCK_CAPTURE_AUTORELEASING = YES;
				CLANG_WARN_BOOL_CONVERSION = YES;
				CLANG_WARN_COMMA = YES;
				CLANG_WARN_CONSTANT_CONVERSION = YES;
				CLANG_WARN_DEPRECATED_OBJC_IMPLEMENTATIONS = YES;
				CLANG_WARN_DIRECT_OBJC_ISA_USAGE = YES_ERROR;
				CLANG_WARN_DOCUMENTATION_COMMENTS = YES;
				CLANG_WARN_EMPTY_BODY = YES;
				CLANG_WARN_ENUM_CONVERSION = YES;
				CLANG_WARN_INFINITE_RECURSION = YES;
				CLANG_WARN_INT_CONVERSION = YES;
				CLANG_WARN_NON_LITERAL_NULL_CONVERSION = YES;
				CLANG_WARN_OBJC_IMPLICIT_RETAIN_SELF = YES;
				CLANG_WARN_OBJC_LITERAL_CONVERSION = YES;
				CLANG_WARN_OBJC_ROOT_CLASS = YES_ERROR;
				CLANG_WARN_QUOTED_INCLUDE_IN_FRAMEWORK_HEADER = YES;
				CLANG_WARN_RANGE_LOOP_ANALYSIS = YES;
				CLANG_WARN_STRICT_PROTOTYPES = YES;
				CLANG_WARN_SUSPICIOUS_MOVE = YES;
				CLANG_WARN_UNGUARDED_AVAILABILITY = YES_AGGRESSIVE;
				CLANG_WARN_UNREACHABLE_CODE = YES;
				CLANG_WARN__DUPLICATE_METHOD_MATCH = YES;
				COPY_PHASE_STRIP = NO;
				DEBUG_INFORMATION_FORMAT = "dwarf-with-dsym";
				ENABLE_NS_ASSERTIONS = NO;
				ENABLE_STRICT_OBJC_MSGSEND = YES;
				GCC_C_LANGUAGE_STANDARD = gnu11;
				GCC_NO_COMMON_BLOCKS = YES;
				GCC_WARN_64_TO_32_BIT_CONVERSION = YES;
				GCC_WARN_ABOUT_RETURN_TYPE = YES_ERROR;
				GCC_WARN_UNDECLARED_SELECTOR = YES;
				GCC_WARN_UNINITIALIZED_AUTOS = YES_AGGRESSIVE;
				GCC_WARN_UNUSED_FUNCTION = YES;
				GCC_WARN_UNUSED_VARIABLE = YES;
				IPHONEOS_DEPLOYMENT_TARGET = 13.0;
				MTL_ENABLE_DEBUG_INFO = NO;
				MTL_FAST_MATH = YES;
				SDKROOT = iphoneos;
				SWIFT_COMPILATION_MODE = wholemodule;
				SWIFT_OPTIMIZATION_LEVEL = "-O";
				VALIDATE_PRODUCT = YES;
			};
			name = Release;
		};
		FC63022E26BC4E2E005A7F9C /* Debug */ = {
			isa = XCBuildConfiguration;
			buildSettings = {
				ASSETCATALOG_COMPILER_APPICON_NAME = AppIcon;
				ASSETCATALOG_COMPILER_GLOBAL_ACCENT_COLOR_NAME = AccentColor;
				CODE_SIGN_STYLE = Automatic;
				DEVELOPMENT_TEAM = TD2383UF5W;
				INFOPLIST_FILE = ScrollViewPanner/Info.plist;
				LD_RUNPATH_SEARCH_PATHS = (
					"$(inherited)",
					"@executable_path/Frameworks",
				);
				PRODUCT_BUNDLE_IDENTIFIER = com.DonMag.ScrollViewPanner;
				PRODUCT_NAME = "$(TARGET_NAME)";
				SWIFT_VERSION = 5.0;
				TARGETED_DEVICE_FAMILY = "1,2";
			};
			name = Debug;
		};
		FC63022F26BC4E2E005A7F9C /* Release */ = {
			isa = XCBuildConfiguration;
			buildSettings = {
				ASSETCATALOG_COMPILER_APPICON_NAME = AppIcon;
				ASSETCATALOG_COMPILER_GLOBAL_ACCENT_COLOR_NAME = AccentColor;
				CODE_SIGN_STYLE = Automatic;
				DEVELOPMENT_TEAM = TD2383UF5W;
				INFOPLIST_FILE = ScrollViewPanner/Info.plist;
				LD_RUNPATH_SEARCH_PATHS = (
					"$(inherited)",
					"@executable_path/Frameworks",
				);
				PRODUCT_BUNDLE_IDENTIFIER = com.DonMag.ScrollViewPanner;
				PRODUCT_NAME = "$(TARGET_NAME)";
				SWIFT_VERSION = 5.0;
				TARGETED_DEVICE_FAMILY = "1,2";
			};
			name = Release;
		};
/* End XCBuildConfiguration section */

/* Begin XCConfigurationList section */
		FC63021426BC4E2D005A7F9C /* Build configuration list for PBXProject "ScrollViewPanner" */ = {
			isa = XCConfigurationList;
			buildConfigurations = (
				FC63022B26BC4E2E005A7F9C /* Debug */,
				FC63022C26BC4E2E005A7F9C /* Release */,
			);
			defaultConfigurationIsVisible = 0;
			defaultConfigurationName = Release;
		};
		FC63022D26BC4E2E005A7F9C /* Build configuration list for PBXNativeTarget "ScrollViewPanner" */ = {
			isa = XCConfigurationList;
			buildConfigurations = (
				FC63022E26BC4E2E005A7F9C /* Debug */,
				FC63022F26BC4E2E005A7F9C /* Release */,
			);
			defaultConfigurationIsVisible = 0;
			defaultConfigurationName = Release;
		};
/* End XCConfigurationList section */
	};
	rootObject = FC63021126BC4E2D005A7F9C /* Project object */;
}
